// !$*UTF8*$!
{
	archiveVersion = 1;
	classes = {
	};
	objectVersion = 46;
	objects = {

/* Begin PBXBuildFile section */
		6604F1BD1E12937400474FC8 /* main.m in Sources */ = {isa = PBXBuildFile; fileRef = 6604F1BC1E12937400474FC8 /* main.m */; };
		6604F1C01E12937400474FC8 /* AppDelegate.m in Sources */ = {isa = PBXBuildFile; fileRef = 6604F1BF1E12937400474FC8 /* AppDelegate.m */; };
		6604F1C31E12937400474FC8 /* ViewController.m in Sources */ = {isa = PBXBuildFile; fileRef = 6604F1C21E12937400474FC8 /* ViewController.m */; };
		6604F1C61E12937400474FC8 /* Main.storyboard in Resources */ = {isa = PBXBuildFile; fileRef = 6604F1C41E12937400474FC8 /* Main.storyboard */; };
		6604F1C81E12937400474FC8 /* Assets.xcassets in Resources */ = {isa = PBXBuildFile; fileRef = 6604F1C71E12937400474FC8 /* Assets.xcassets */; };
		6604F1CB1E12937400474FC8 /* LaunchScreen.storyboard in Resources */ = {isa = PBXBuildFile; fileRef = 6604F1C91E12937400474FC8 /* LaunchScreen.storyboard */; };
		6604F1D61E12937400474FC8 /* MacauSandsTests.m in Sources */ = {isa = PBXBuildFile; fileRef = 6604F1D51E12937400474FC8 /* MacauSandsTests.m */; };
		6604F1E11E12937400474FC8 /* MacauSandsUITests.m in Sources */ = {isa = PBXBuildFile; fileRef = 6604F1E01E12937400474FC8 /* MacauSandsUITests.m */; };
/* End PBXBuildFile section */

/* Begin PBXContainerItemProxy section */
		6604F1D21E12937400474FC8 /* PBXContainerItemProxy */ = {
			isa = PBXContainerItemProxy;
			containerPortal = 6604F1B01E12937400474FC8 /* Project object */;
			proxyType = 1;
			remoteGlobalIDString = 6604F1B71E12937400474FC8;
			remoteInfo = MacauSands;
		};
		6604F1DD1E12937400474FC8 /* PBXContainerItemProxy */ = {
			isa = PBXContainerItemProxy;
			containerPortal = 6604F1B01E12937400474FC8 /* Project object */;
			proxyType = 1;
			remoteGlobalIDString = 6604F1B71E12937400474FC8;
			remoteInfo = MacauSands;
		};
/* End PBXContainerItemProxy section */

/* Begin PBXFileReference section */
		6604F1B81E12937400474FC8 /* MacauSands.app */ = {isa = PBXFileReference; explicitFileType = wrapper.application; includeInIndex = 0; path = MacauSands.app; sourceTree = BUILT_PRODUCTS_DIR; };
		6604F1BC1E12937400474FC8 /* main.m */ = {isa = PBXFileReference; lastKnownFileType = sourcecode.c.objc; path = main.m; sourceTree = "<group>"; };
		6604F1BE1E12937400474FC8 /* AppDelegate.h */ = {isa = PBXFileReference; lastKnownFileType = sourcecode.c.h; path = AppDelegate.h; sourceTree = "<group>"; };
		6604F1BF1E12937400474FC8 /* AppDelegate.m */ = {isa = PBXFileReference; lastKnownFileType = sourcecode.c.objc; path = AppDelegate.m; sourceTree = "<group>"; };
		6604F1C11E12937400474FC8 /* ViewController.h */ = {isa = PBXFileReference; lastKnownFileType = sourcecode.c.h; path = ViewController.h; sourceTree = "<group>"; };
		6604F1C21E12937400474FC8 /* ViewController.m */ = {isa = PBXFileReference; lastKnownFileType = sourcecode.c.objc; path = ViewController.m; sourceTree = "<group>"; };
		6604F1C51E12937400474FC8 /* Base */ = {isa = PBXFileReference; lastKnownFileType = file.storyboard; name = Base; path = Base.lproj/Main.storyboard; sourceTree = "<group>"; };
		6604F1C71E12937400474FC8 /* Assets.xcassets */ = {isa = PBXFileReference; lastKnownFileType = folder.assetcatalog; path = Assets.xcassets; sourceTree = "<group>"; };
		6604F1CA1E12937400474FC8 /* Base */ = {isa = PBXFileReference; lastKnownFileType = file.storyboard; name = Base; path = Base.lproj/LaunchScreen.storyboard; sourceTree = "<group>"; };
		6604F1CC1E12937400474FC8 /* Info.plist */ = {isa = PBXFileReference; lastKnownFileType = text.plist.xml; path = Info.plist; sourceTree = "<group>"; };
		6604F1D11E12937400474FC8 /* MacauSandsTests.xctest */ = {isa = PBXFileReference; explicitFileType = wrapper.cfbundle; includeInIndex = 0; path = MacauSandsTests.xctest; sourceTree = BUILT_PRODUCTS_DIR; };
		6604F1D51E12937400474FC8 /* MacauSandsTests.m */ = {isa = PBXFileReference; lastKnownFileType = sourcecode.c.objc; path = MacauSandsTests.m; sourceTree = "<group>"; };
		6604F1D71E12937400474FC8 /* Info.plist */ = {isa = PBXFileReference; lastKnownFileType = text.plist.xml; path = Info.plist; sourceTree = "<group>"; };
		6604F1DC1E12937400474FC8 /* MacauSandsUITests.xctest */ = {isa = PBXFileReference; explicitFileType = wrapper.cfbundle; includeInIndex = 0; path = MacauSandsUITests.xctest; sourceTree = BUILT_PRODUCTS_DIR; };
		6604F1E01E12937400474FC8 /* MacauSandsUITests.m */ = {isa = PBXFileReference; lastKnownFileType = sourcecode.c.objc; path = MacauSandsUITests.m; sourceTree = "<group>"; };
		6604F1E21E12937400474FC8 /* Info.plist */ = {isa = PBXFileReference; lastKnownFileType = text.plist.xml; path = Info.plist; sourceTree = "<group>"; };
/* End PBXFileReference section */

/* Begin PBXFrameworksBuildPhase section */
		6604F1B51E12937400474FC8 /* Frameworks */ = {
			isa = PBXFrameworksBuildPhase;
			buildActionMask = 2147483647;
			files = (
			);
			runOnlyForDeploymentPostprocessing = 0;
		};
		6604F1CE1E12937400474FC8 /* Frameworks */ = {
			isa = PBXFrameworksBuildPhase;
			buildActionMask = 2147483647;
			files = (
			);
			runOnlyForDeploymentPostprocessing = 0;
		};
		6604F1D91E12937400474FC8 /* Frameworks */ = {
			isa = PBXFrameworksBuildPhase;
			buildActionMask = 2147483647;
			files = (
			);
			runOnlyForDeploymentPostprocessing = 0;
		};
/* End PBXFrameworksBuildPhase section */

/* Begin PBXGroup section */
		6604F1AF1E12937400474FC8 = {
			isa = PBXGroup;
			children = (
				6604F1BA1E12937400474FC8 /* MacauSands */,
				6604F1D41E12937400474FC8 /* MacauSandsTests */,
				6604F1DF1E12937400474FC8 /* MacauSandsUITests */,
				6604F1B91E12937400474FC8 /* Products */,
			);
			sourceTree = "<group>";
		};
		6604F1B91E12937400474FC8 /* Products */ = {
			isa = PBXGroup;
			children = (
				6604F1B81E12937400474FC8 /* MacauSands.app */,
				6604F1D11E12937400474FC8 /* MacauSandsTests.xctest */,
				6604F1DC1E12937400474FC8 /* MacauSandsUITests.xctest */,
			);
			name = Products;
			sourceTree = "<group>";
		};
		6604F1BA1E12937400474FC8 /* MacauSands */ = {
			isa = PBXGroup;
			children = (
				6604F1BE1E12937400474FC8 /* AppDelegate.h */,
				6604F1BF1E12937400474FC8 /* AppDelegate.m */,
				6604F1C11E12937400474FC8 /* ViewController.h */,
				6604F1C21E12937400474FC8 /* ViewController.m */,
				6604F1C41E12937400474FC8 /* Main.storyboard */,
				6604F1C71E12937400474FC8 /* Assets.xcassets */,
				6604F1C91E12937400474FC8 /* LaunchScreen.storyboard */,
				6604F1CC1E12937400474FC8 /* Info.plist */,
				6604F1BB1E12937400474FC8 /* Supporting Files */,
			);
			path = MacauSands;
			sourceTree = "<group>";
		};
		6604F1BB1E12937400474FC8 /* Supporting Files */ = {
			isa = PBXGroup;
			children = (
				6604F1BC1E12937400474FC8 /* main.m */,
			);
			name = "Supporting Files";
			sourceTree = "<group>";
		};
		6604F1D41E12937400474FC8 /* MacauSandsTests */ = {
			isa = PBXGroup;
			children = (
				6604F1D51E12937400474FC8 /* MacauSandsTests.m */,
				6604F1D71E12937400474FC8 /* Info.plist */,
			);
			path = MacauSandsTests;
			sourceTree = "<group>";
		};
		6604F1DF1E12937400474FC8 /* MacauSandsUITests */ = {
			isa = PBXGroup;
			children = (
				6604F1E01E12937400474FC8 /* MacauSandsUITests.m */,
				6604F1E21E12937400474FC8 /* Info.plist */,
			);
			path = MacauSandsUITests;
			sourceTree = "<group>";
		};
/* End PBXGroup section */

/* Begin PBXNativeTarget section */
		6604F1B71E12937400474FC8 /* MacauSands */ = {
			isa = PBXNativeTarget;
			buildConfigurationList = 6604F1E51E12937400474FC8 /* Build configuration list for PBXNativeTarget "MacauSands" */;
			buildPhases = (
				6604F1B41E12937400474FC8 /* Sources */,
				6604F1B51E12937400474FC8 /* Frameworks */,
				6604F1B61E12937400474FC8 /* Resources */,
			);
			buildRules = (
			);
			dependencies = (
			);
			name = MacauSands;
			productName = MacauSands;
			productReference = 6604F1B81E12937400474FC8 /* MacauSands.app */;
			productType = "com.apple.product-type.application";
		};
		6604F1D01E12937400474FC8 /* MacauSandsTests */ = {
			isa = PBXNativeTarget;
			buildConfigurationList = 6604F1E81E12937400474FC8 /* Build configuration list for PBXNativeTarget "MacauSandsTests" */;
			buildPhases = (
				6604F1CD1E12937400474FC8 /* Sources */,
				6604F1CE1E12937400474FC8 /* Frameworks */,
				6604F1CF1E12937400474FC8 /* Resources */,
			);
			buildRules = (
			);
			dependencies = (
				6604F1D31E12937400474FC8 /* PBXTargetDependency */,
			);
			name = MacauSandsTests;
			productName = MacauSandsTests;
			productReference = 6604F1D11E12937400474FC8 /* MacauSandsTests.xctest */;
			productType = "com.apple.product-type.bundle.unit-test";
		};
		6604F1DB1E12937400474FC8 /* MacauSandsUITests */ = {
			isa = PBXNativeTarget;
			buildConfigurationList = 6604F1EB1E12937400474FC8 /* Build configuration list for PBXNativeTarget "MacauSandsUITests" */;
			buildPhases = (
				6604F1D81E12937400474FC8 /* Sources */,
				6604F1D91E12937400474FC8 /* Frameworks */,
				6604F1DA1E12937400474FC8 /* Resources */,
			);
			buildRules = (
			);
			dependencies = (
				6604F1DE1E12937400474FC8 /* PBXTargetDependency */,
			);
			name = MacauSandsUITests;
			productName = MacauSandsUITests;
			productReference = 6604F1DC1E12937400474FC8 /* MacauSandsUITests.xctest */;
			productType = "com.apple.product-type.bundle.ui-testing";
		};
/* End PBXNativeTarget section */

/* Begin PBXProject section */
		6604F1B01E12937400474FC8 /* Project object */ = {
			isa = PBXProject;
			attributes = {
				LastUpgradeCheck = 0800;
				ORGANIZATIONNAME = hhh;
				TargetAttributes = {
					6604F1B71E12937400474FC8 = {
						CreatedOnToolsVersion = 8.0;
						ProvisioningStyle = Automatic;
					};
					6604F1D01E12937400474FC8 = {
						CreatedOnToolsVersion = 8.0;
						ProvisioningStyle = Automatic;
						TestTargetID = 6604F1B71E12937400474FC8;
					};
					6604F1DB1E12937400474FC8 = {
						CreatedOnToolsVersion = 8.0;
						ProvisioningStyle = Automatic;
						TestTargetID = 6604F1B71E12937400474FC8;
					};
				};
			};
			buildConfigurationList = 6604F1B31E12937400474FC8 /* Build configuration list for PBXProject "MacauSands" */;
			compatibilityVersion = "Xcode 3.2";
			developmentRegion = English;
			hasScannedForEncodings = 0;
			knownRegions = (
				en,
				Base,
			);
			mainGroup = 6604F1AF1E12937400474FC8;
			productRefGroup = 6604F1B91E12937400474FC8 /* Products */;
			projectDirPath = "";
			projectRoot = "";
			targets = (
				6604F1B71E12937400474FC8 /* MacauSands */,
				6604F1D01E12937400474FC8 /* MacauSandsTests */,
				6604F1DB1E12937400474FC8 /* MacauSandsUITests */,
			);
		};
/* End PBXProject section */

/* Begin PBXResourcesBuildPhase section */
		6604F1B61E12937400474FC8 /* Resources */ = {
			isa = PBXResourcesBuildPhase;
			buildActionMask = 2147483647;
			files = (
				6604F1CB1E12937400474FC8 /* LaunchScreen.storyboard in Resources */,
				6604F1C81E12937400474FC8 /* Assets.xcassets in Resources */,
				6604F1C61E12937400474FC8 /* Main.storyboard in Resources */,
			);
			runOnlyForDeploymentPostprocessing = 0;
		};
		6604F1CF1E12937400474FC8 /* Resources */ = {
			isa = PBXResourcesBuildPhase;
			buildActionMask = 2147483647;
			files = (
			);
			runOnlyForDeploymentPostprocessing = 0;
		};
		6604F1DA1E12937400474FC8 /* Resources */ = {
			isa = PBXResourcesBuildPhase;
			buildActionMask = 2147483647;
			files = (
			);
			runOnlyForDeploymentPostprocessing = 0;
		};
/* End PBXResourcesBuildPhase section */

/* Begin PBXSourcesBuildPhase section */
		6604F1B41E12937400474FC8 /* Sources */ = {
			isa = PBXSourcesBuildPhase;
			buildActionMask = 2147483647;
			files = (
				6604F1C31E12937400474FC8 /* ViewController.m in Sources */,
				6604F1C01E12937400474FC8 /* AppDelegate.m in Sources */,
				6604F1BD1E12937400474FC8 /* main.m in Sources */,
			);
			runOnlyForDeploymentPostprocessing = 0;
		};
		6604F1CD1E12937400474FC8 /* Sources */ = {
			isa = PBXSourcesBuildPhase;
			buildActionMask = 2147483647;
			files = (
				6604F1D61E12937400474FC8 /* MacauSandsTests.m in Sources */,
			);
			runOnlyForDeploymentPostprocessing = 0;
		};
		6604F1D81E12937400474FC8 /* Sources */ = {
			isa = PBXSourcesBuildPhase;
			buildActionMask = 2147483647;
			files = (
				6604F1E11E12937400474FC8 /* MacauSandsUITests.m in Sources */,
			);
			runOnlyForDeploymentPostprocessing = 0;
		};
/* End PBXSourcesBuildPhase section */

/* Begin PBXTargetDependency section */
		6604F1D31E12937400474FC8 /* PBXTargetDependency */ = {
			isa = PBXTargetDependency;
			target = 6604F1B71E12937400474FC8 /* MacauSands */;
			targetProxy = 6604F1D21E12937400474FC8 /* PBXContainerItemProxy */;
		};
		6604F1DE1E12937400474FC8 /* PBXTargetDependency */ = {
			isa = PBXTargetDependency;
			target = 6604F1B71E12937400474FC8 /* MacauSands */;
			targetProxy = 6604F1DD1E12937400474FC8 /* PBXContainerItemProxy */;
		};
/* End PBXTargetDependency section */

/* Begin PBXVariantGroup section */
		6604F1C41E12937400474FC8 /* Main.storyboard */ = {
			isa = PBXVariantGroup;
			children = (
				6604F1C51E12937400474FC8 /* Base */,
			);
			name = Main.storyboard;
			sourceTree = "<group>";
		};
		6604F1C91E12937400474FC8 /* LaunchScreen.storyboard */ = {
			isa = PBXVariantGroup;
			children = (
				6604F1CA1E12937400474FC8 /* Base */,
			);
			name = LaunchScreen.storyboard;
			sourceTree = "<group>";
		};
/* End PBXVariantGroup section */

/* Begin XCBuildConfiguration section */
		6604F1E31E12937400474FC8 /* Debug */ = {
			isa = XCBuildConfiguration;
			buildSettings = {
				ALWAYS_SEARCH_USER_PATHS = NO;
				CLANG_ANALYZER_NONNULL = YES;
				CLANG_CXX_LANGUAGE_STANDARD = "gnu++0x";
				CLANG_CXX_LIBRARY = "libc++";
				CLANG_ENABLE_MODULES = YES;
				CLANG_ENABLE_OBJC_ARC = YES;
				CLANG_WARN_BOOL_CONVERSION = YES;
				CLANG_WARN_CONSTANT_CONVERSION = YES;
				CLANG_WARN_DIRECT_OBJC_ISA_USAGE = YES_ERROR;
				CLANG_WARN_DOCUMENTATION_COMMENTS = YES;
				CLANG_WARN_EMPTY_BODY = YES;
				CLANG_WARN_ENUM_CONVERSION = YES;
				CLANG_WARN_INFINITE_RECURSION = YES;
				CLANG_WARN_INT_CONVERSION = YES;
				CLANG_WARN_OBJC_ROOT_CLASS = YES_ERROR;
				CLANG_WARN_SUSPICIOUS_MOVES = YES;
				CLANG_WARN_UNREACHABLE_CODE = YES;
				CLANG_WARN__DUPLICATE_METHOD_MATCH = YES;
				"CODE_SIGN_IDENTITY[sdk=iphoneos*]" = "iPhone Developer";
				COPY_PHASE_STRIP = NO;
				DEBUG_INFORMATION_FORMAT = dwarf;
				ENABLE_STRICT_OBJC_MSGSEND = YES;
				ENABLE_TESTABILITY = YES;
				GCC_C_LANGUAGE_STANDARD = gnu99;
				GCC_DYNAMIC_NO_PIC = NO;
				GCC_NO_COMMON_BLOCKS = YES;
				GCC_OPTIMIZATION_LEVEL = 0;
				GCC_PREPROCESSOR_DEFINITIONS = (
					"DEBUG=1",
					"$(inherited)",
				);
				GCC_WARN_64_TO_32_BIT_CONVERSION = YES;
				GCC_WARN_ABOUT_RETURN_TYPE = YES_ERROR;
				GCC_WARN_UNDECLARED_SELECTOR = YES;
				GCC_WARN_UNINITIALIZED_AUTOS = YES_AGGRESSIVE;
				GCC_WARN_UNUSED_FUNCTION = YES;
				GCC_WARN_UNUSED_VARIABLE = YES;
				IPHONEOS_DEPLOYMENT_TARGET = 10.0;
				MTL_ENABLE_DEBUG_INFO = YES;
				ONLY_ACTIVE_ARCH = YES;
				SDKROOT = iphoneos;
			};
			name = Debug;
		};
		6604F1E41E12937400474FC8 /* Release */ = {
			isa = XCBuildConfiguration;
			buildSettings = {
				ALWAYS_SEARCH_USER_PATHS = NO;
				CLANG_ANALYZER_NONNULL = YES;
				CLANG_CXX_LANGUAGE_STANDARD = "gnu++0x";
				CLANG_CXX_LIBRARY = "libc++";
				CLANG_ENABLE_MODULES = YES;
				CLANG_ENABLE_OBJC_ARC = YES;
				CLANG_WARN_BOOL_CONVERSION = YES;
				CLANG_WARN_CONSTANT_CONVERSION = YES;
				CLANG_WARN_DIRECT_OBJC_ISA_USAGE = YES_ERROR;
				CLANG_WARN_DOCUMENTATION_COMMENTS = YES;
				CLANG_WARN_EMPTY_BODY = YES;
				CLANG_WARN_ENUM_CONVERSION = YES;
				CLANG_WARN_INFINITE_RECURSION = YES;
				CLANG_WARN_INT_CONVERSION = YES;
				CLANG_WARN_OBJC_ROOT_CLASS = YES_ERROR;
				CLANG_WARN_SUSPICIOUS_MOVES = YES;
				CLANG_WARN_UNREACHABLE_CODE = YES;
				CLANG_WARN__DUPLICATE_METHOD_MATCH = YES;
				"CODE_SIGN_IDENTITY[sdk=iphoneos*]" = "iPhone Developer";
				COPY_PHASE_STRIP = NO;
				DEBUG_INFORMATION_FORMAT = "dwarf-with-dsym";
				ENABLE_NS_ASSERTIONS = NO;
				ENABLE_STRICT_OBJC_MSGSEND = YES;
				GCC_C_LANGUAGE_STANDARD = gnu99;
				GCC_NO_COMMON_BLOCKS = YES;
				GCC_WARN_64_TO_32_BIT_CONVERSION = YES;
				GCC_WARN_ABOUT_RETURN_TYPE = YES_ERROR;
				GCC_WARN_UNDECLARED_SELECTOR = YES;
				GCC_WARN_UNINITIALIZED_AUTOS = YES_AGGRESSIVE;
				GCC_WARN_UNUSED_FUNCTION = YES;
				GCC_WARN_UNUSED_VARIABLE = YES;
				IPHONEOS_DEPLOYMENT_TARGET = 10.0;
				MTL_ENABLE_DEBUG_INFO = NO;
				SDKROOT = iphoneos;
				VALIDATE_PRODUCT = YES;
			};
			name = Release;
		};
		6604F1E61E12937400474FC8 /* Debug */ = {
			isa = XCBuildConfiguration;
			buildSettings = {
				ASSETCATALOG_COMPILER_APPICON_NAME = AppIcon;
				INFOPLIST_FILE = MacauSands/Info.plist;
				LD_RUNPATH_SEARCH_PATHS = "$(inherited) @executable_path/Frameworks";
				PRODUCT_BUNDLE_IDENTIFIER = com.hhh.MacauSands;
				PRODUCT_NAME = "$(TARGET_NAME)";
			};
			name = Debug;
		};
		6604F1E71E12937400474FC8 /* Release */ = {
			isa = XCBuildConfiguration;
			buildSettings = {
				ASSETCATALOG_COMPILER_APPICON_NAME = AppIcon;
				INFOPLIST_FILE = MacauSands/Info.plist;
				LD_RUNPATH_SEARCH_PATHS = "$(inherited) @executable_path/Frameworks";
				PRODUCT_BUNDLE_IDENTIFIER = com.hhh.MacauSands;
				PRODUCT_NAME = "$(TARGET_NAME)";
			};
			name = Release;
		};
		6604F1E91E12937400474FC8 /* Debug */ = {
			isa = XCBuildConfiguration;
			buildSettings = {
				BUNDLE_LOADER = "$(TEST_HOST)";
				INFOPLIST_FILE = MacauSandsTests/Info.plist;
				LD_RUNPATH_SEARCH_PATHS = "$(inherited) @executable_path/Frameworks @loader_path/Frameworks";
				PRODUCT_BUNDLE_IDENTIFIER = com.hhh.MacauSandsTests;
				PRODUCT_NAME = "$(TARGET_NAME)";
				TEST_HOST = "$(BUILT_PRODUCTS_DIR)/MacauSands.app/MacauSands";
			};
			name = Debug;
		};
		6604F1EA1E12937400474FC8 /* Release */ = {
			isa = XCBuildConfiguration;
			buildSettings = {
				BUNDLE_LOADER = "$(TEST_HOST)";
				INFOPLIST_FILE = MacauSandsTests/Info.plist;
				LD_RUNPATH_SEARCH_PATHS = "$(inherited) @executable_path/Frameworks @loader_path/Frameworks";
				PRODUCT_BUNDLE_IDENTIFIER = com.hhh.MacauSandsTests;
				PRODUCT_NAME = "$(TARGET_NAME)";
				TEST_HOST = "$(BUILT_PRODUCTS_DIR)/MacauSands.app/MacauSands";
			};
			name = Release;
		};
		6604F1EC1E12937400474FC8 /* Debug */ = {
			isa = XCBuildConfiguration;
			buildSettings = {
				INFOPLIST_FILE = MacauSandsUITests/Info.plist;
				LD_RUNPATH_SEARCH_PATHS = "$(inherited) @executable_path/Frameworks @loader_path/Frameworks";
				PRODUCT_BUNDLE_IDENTIFIER = com.hhh.MacauSandsUITests;
				PRODUCT_NAME = "$(TARGET_NAME)";
				TEST_TARGET_NAME = MacauSands;
			};
			name = Debug;
		};
		6604F1ED1E12937400474FC8 /* Release */ = {
			isa = XCBuildConfiguration;
			buildSettings = {
				INFOPLIST_FILE = MacauSandsUITests/Info.plist;
				LD_RUNPATH_SEARCH_PATHS = "$(inherited) @executable_path/Frameworks @loader_path/Frameworks";
				PRODUCT_BUNDLE_IDENTIFIER = com.hhh.MacauSandsUITests;
				PRODUCT_NAME = "$(TARGET_NAME)";
				TEST_TARGET_NAME = MacauSands;
			};
			name = Release;
		};
/* End XCBuildConfiguration section */

/* Begin XCConfigurationList section */
		6604F1B31E12937400474FC8 /* Build configuration list for PBXProject "MacauSands" */ = {
			isa = XCConfigurationList;
			buildConfigurations = (
				6604F1E31E12937400474FC8 /* Debug */,
				6604F1E41E12937400474FC8 /* Release */,
			);
			defaultConfigurationIsVisible = 0;
			defaultConfigurationName = Release;
		};
		6604F1E51E12937400474FC8 /* Build configuration list for PBXNativeTarget "MacauSands" */ = {
			isa = XCConfigurationList;
			buildConfigurations = (
				6604F1E61E12937400474FC8 /* Debug */,
				6604F1E71E12937400474FC8 /* Release */,
			);
			defaultConfigurationIsVisible = 0;
		};
		6604F1E81E12937400474FC8 /* Build configuration list for PBXNativeTarget "MacauSandsTests" */ = {
			isa = XCConfigurationList;
			buildConfigurations = (
				6604F1E91E12937400474FC8 /* Debug */,
				6604F1EA1E12937400474FC8 /* Release */,
			);
			defaultConfigurationIsVisible = 0;
		};
		6604F1EB1E12937400474FC8 /* Build configuration list for PBXNativeTarget "MacauSandsUITests" */ = {
			isa = XCConfigurationList;
			buildConfigurations = (
				6604F1EC1E12937400474FC8 /* Debug */,
				6604F1ED1E12937400474FC8 /* Release */,
			);
			defaultConfigurationIsVisible = 0;
		};
/* End XCConfigurationList section */
	};
	rootObject = 6604F1B01E12937400474FC8 /* Project object */;
}
